
Microsoft Visual Studio Solution File, Format Version 12.00
# Visual Studio Version 16
VisualStudioVersion = 16.0.29709.97
MinimumVisualStudioVersion = 10.0.40219.1
Project("{FAE04EC0-301F-11D3-BF4B-00C04F79EFBC}") = "FourInARow", "FourInARow.csproj", "{548C4B4C-C58D-4900-968A-714D6A5D7D9A}"
EndProject
Global
	GlobalSection(SolutionConfigurationPlatforms) = preSolution
		Debug|Any CPU = Debug|Any CPU
		Release|Any CPU = Release|Any CPU
	EndGlobalSection
	GlobalSection(ProjectConfigurationPlatforms) = postSolution
		{548C4B4C-C58D-4900-968A-714D6A5D7D9A}.Debug|Any CPU.ActiveCfg = Debug|Any CPU
		{548C4B4C-C58D-4900-968A-714D6A5D7D9A}.Debug|Any CPU.Build.0 = Debug|Any CPU
		{548C4B4C-C58D-4900-968A-714D6A5D7D9A}.Release|Any CPU.ActiveCfg = Release|Any CPU
		{548C4B4C-C58D-4900-968A-714D6A5D7D9A}.Release|Any CPU.Build.0 = Release|Any CPU
	EndGlobalSection
	GlobalSection(SolutionProperties) = preSolution
		HideSolutionNode = FALSE
	EndGlobalSection
	GlobalSection(ExtensibilityGlobals) = postSolution
		SolutionGuid = {DF408995-37AA-421B-AE32-0A9F795F4B4A}
	EndGlobalSection
EndGlobal
